// !$*UTF8*$!
{
	archiveVersion = 1;
	classes = {
	};
	objectVersion = 56;
	objects = {

/* Begin PBXBuildFile section */
		D3D440DF2B7E1599005F4C49 /* AppDelegate.swift in Sources */ = {isa = PBXBuildFile; fileRef = D3D440DE2B7E1599005F4C49 /* AppDelegate.swift */; };
		D3D440E12B7E1599005F4C49 /* SceneDelegate.swift in Sources */ = {isa = PBXBuildFile; fileRef = D3D440E02B7E1599005F4C49 /* SceneDelegate.swift */; };
		D3D440E32B7E1599005F4C49 /* ViewController.swift in Sources */ = {isa = PBXBuildFile; fileRef = D3D440E22B7E1599005F4C49 /* ViewController.swift */; };
		D3D440E62B7E1599005F4C49 /* Main.storyboard in Resources */ = {isa = PBXBuildFile; fileRef = D3D440E42B7E1599005F4C49 /* Main.storyboard */; };
		D3D440E82B7E159A005F4C49 /* Assets.xcassets in Resources */ = {isa = PBXBuildFile; fileRef = D3D440E72B7E159A005F4C49 /* Assets.xcassets */; };
		D3D440EB2B7E159A005F4C49 /* LaunchScreen.storyboard in Resources */ = {isa = PBXBuildFile; fileRef = D3D440E92B7E159A005F4C49 /* LaunchScreen.storyboard */; };
		D3D440F62B7E159B005F4C49 /* localization_DemoTests.swift in Sources */ = {isa = PBXBuildFile; fileRef = D3D440F52B7E159B005F4C49 /* localization_DemoTests.swift */; };
		D3D441002B7E159B005F4C49 /* localization_DemoUITests.swift in Sources */ = {isa = PBXBuildFile; fileRef = D3D440FF2B7E159B005F4C49 /* localization_DemoUITests.swift */; };
		D3D441022B7E159B005F4C49 /* localization_DemoUITestsLaunchTests.swift in Sources */ = {isa = PBXBuildFile; fileRef = D3D441012B7E159B005F4C49 /* localization_DemoUITestsLaunchTests.swift */; };
/* End PBXBuildFile section */

/* Begin PBXContainerItemProxy section */
		D3D440F22B7E159B005F4C49 /* PBXContainerItemProxy */ = {
			isa = PBXContainerItemProxy;
			containerPortal = D3D440D32B7E1599005F4C49 /* Project object */;
			proxyType = 1;
			remoteGlobalIDString = D3D440DA2B7E1599005F4C49;
			remoteInfo = localization_Demo;
		};
		D3D440FC2B7E159B005F4C49 /* PBXContainerItemProxy */ = {
			isa = PBXContainerItemProxy;
			containerPortal = D3D440D32B7E1599005F4C49 /* Project object */;
			proxyType = 1;
			remoteGlobalIDString = D3D440DA2B7E1599005F4C49;
			remoteInfo = localization_Demo;
		};
/* End PBXContainerItemProxy section */

/* Begin PBXFileReference section */
		D3D440DB2B7E1599005F4C49 /* localization_Demo.app */ = {isa = PBXFileReference; explicitFileType = wrapper.application; includeInIndex = 0; path = localization_Demo.app; sourceTree = BUILT_PRODUCTS_DIR; };
		D3D440DE2B7E1599005F4C49 /* AppDelegate.swift */ = {isa = PBXFileReference; lastKnownFileType = sourcecode.swift; path = AppDelegate.swift; sourceTree = "<group>"; };
		D3D440E02B7E1599005F4C49 /* SceneDelegate.swift */ = {isa = PBXFileReference; lastKnownFileType = sourcecode.swift; path = SceneDelegate.swift; sourceTree = "<group>"; };
		D3D440E22B7E1599005F4C49 /* ViewController.swift */ = {isa = PBXFileReference; lastKnownFileType = sourcecode.swift; path = ViewController.swift; sourceTree = "<group>"; };
		D3D440E52B7E1599005F4C49 /* Base */ = {isa = PBXFileReference; lastKnownFileType = file.storyboard; name = Base; path = Base.lproj/Main.storyboard; sourceTree = "<group>"; };
		D3D440E72B7E159A005F4C49 /* Assets.xcassets */ = {isa = PBXFileReference; lastKnownFileType = folder.assetcatalog; path = Assets.xcassets; sourceTree = "<group>"; };
		D3D440EA2B7E159A005F4C49 /* Base */ = {isa = PBXFileReference; lastKnownFileType = file.storyboard; name = Base; path = Base.lproj/LaunchScreen.storyboard; sourceTree = "<group>"; };
		D3D440EC2B7E159A005F4C49 /* Info.plist */ = {isa = PBXFileReference; lastKnownFileType = text.plist.xml; path = Info.plist; sourceTree = "<group>"; };
		D3D440F12B7E159B005F4C49 /* localization_DemoTests.xctest */ = {isa = PBXFileReference; explicitFileType = wrapper.cfbundle; includeInIndex = 0; path = localization_DemoTests.xctest; sourceTree = BUILT_PRODUCTS_DIR; };
		D3D440F52B7E159B005F4C49 /* localization_DemoTests.swift */ = {isa = PBXFileReference; lastKnownFileType = sourcecode.swift; path = localization_DemoTests.swift; sourceTree = "<group>"; };
		D3D440FB2B7E159B005F4C49 /* localization_DemoUITests.xctest */ = {isa = PBXFileReference; explicitFileType = wrapper.cfbundle; includeInIndex = 0; path = localization_DemoUITests.xctest; sourceTree = BUILT_PRODUCTS_DIR; };
		D3D440FF2B7E159B005F4C49 /* localization_DemoUITests.swift */ = {isa = PBXFileReference; lastKnownFileType = sourcecode.swift; path = localization_DemoUITests.swift; sourceTree = "<group>"; };
		D3D441012B7E159B005F4C49 /* localization_DemoUITestsLaunchTests.swift */ = {isa = PBXFileReference; lastKnownFileType = sourcecode.swift; path = localization_DemoUITestsLaunchTests.swift; sourceTree = "<group>"; };
/* End PBXFileReference section */

/* Begin PBXFrameworksBuildPhase section */
		D3D440D82B7E1599005F4C49 /* Frameworks */ = {
			isa = PBXFrameworksBuildPhase;
			buildActionMask = 2147483647;
			files = (
			);
			runOnlyForDeploymentPostprocessing = 0;
		};
		D3D440EE2B7E159B005F4C49 /* Frameworks */ = {
			isa = PBXFrameworksBuildPhase;
			buildActionMask = 2147483647;
			files = (
			);
			runOnlyForDeploymentPostprocessing = 0;
		};
		D3D440F82B7E159B005F4C49 /* Frameworks */ = {
			isa = PBXFrameworksBuildPhase;
			buildActionMask = 2147483647;
			files = (
			);
			runOnlyForDeploymentPostprocessing = 0;
		};
/* End PBXFrameworksBuildPhase section */

/* Begin PBXGroup section */
		D3D440D22B7E1599005F4C49 = {
			isa = PBXGroup;
			children = (
				D3D440DD2B7E1599005F4C49 /* localization_Demo */,
				D3D440F42B7E159B005F4C49 /* localization_DemoTests */,
				D3D440FE2B7E159B005F4C49 /* localization_DemoUITests */,
				D3D440DC2B7E1599005F4C49 /* Products */,
			);
			sourceTree = "<group>";
		};
		D3D440DC2B7E1599005F4C49 /* Products */ = {
			isa = PBXGroup;
			children = (
				D3D440DB2B7E1599005F4C49 /* localization_Demo.app */,
				D3D440F12B7E159B005F4C49 /* localization_DemoTests.xctest */,
				D3D440FB2B7E159B005F4C49 /* localization_DemoUITests.xctest */,
			);
			name = Products;
			sourceTree = "<group>";
		};
		D3D440DD2B7E1599005F4C49 /* localization_Demo */ = {
			isa = PBXGroup;
			children = (
				D3D440DE2B7E1599005F4C49 /* AppDelegate.swift */,
				D3D440E02B7E1599005F4C49 /* SceneDelegate.swift */,
				D3D440E22B7E1599005F4C49 /* ViewController.swift */,
				D3D440E42B7E1599005F4C49 /* Main.storyboard */,
				D3D440E72B7E159A005F4C49 /* Assets.xcassets */,
				D3D440E92B7E159A005F4C49 /* LaunchScreen.storyboard */,
				D3D440EC2B7E159A005F4C49 /* Info.plist */,
			);
			path = localization_Demo;
			sourceTree = "<group>";
		};
		D3D440F42B7E159B005F4C49 /* localization_DemoTests */ = {
			isa = PBXGroup;
			children = (
				D3D440F52B7E159B005F4C49 /* localization_DemoTests.swift */,
			);
			path = localization_DemoTests;
			sourceTree = "<group>";
		};
		D3D440FE2B7E159B005F4C49 /* localization_DemoUITests */ = {
			isa = PBXGroup;
			children = (
				D3D440FF2B7E159B005F4C49 /* localization_DemoUITests.swift */,
				D3D441012B7E159B005F4C49 /* localization_DemoUITestsLaunchTests.swift */,
			);
			path = localization_DemoUITests;
			sourceTree = "<group>";
		};
/* End PBXGroup section */

/* Begin PBXNativeTarget section */
		D3D440DA2B7E1599005F4C49 /* localization_Demo */ = {
			isa = PBXNativeTarget;
			buildConfigurationList = D3D441052B7E159B005F4C49 /* Build configuration list for PBXNativeTarget "localization_Demo" */;
			buildPhases = (
				D3D440D72B7E1599005F4C49 /* Sources */,
				D3D440D82B7E1599005F4C49 /* Frameworks */,
				D3D440D92B7E1599005F4C49 /* Resources */,
			);
			buildRules = (
			);
			dependencies = (
			);
			name = localization_Demo;
			productName = localization_Demo;
			productReference = D3D440DB2B7E1599005F4C49 /* localization_Demo.app */;
			productType = "com.apple.product-type.application";
		};
		D3D440F02B7E159B005F4C49 /* localization_DemoTests */ = {
			isa = PBXNativeTarget;
			buildConfigurationList = D3D441082B7E159B005F4C49 /* Build configuration list for PBXNativeTarget "localization_DemoTests" */;
			buildPhases = (
				D3D440ED2B7E159B005F4C49 /* Sources */,
				D3D440EE2B7E159B005F4C49 /* Frameworks */,
				D3D440EF2B7E159B005F4C49 /* Resources */,
			);
			buildRules = (
			);
			dependencies = (
				D3D440F32B7E159B005F4C49 /* PBXTargetDependency */,
			);
			name = localization_DemoTests;
			productName = localization_DemoTests;
			productReference = D3D440F12B7E159B005F4C49 /* localization_DemoTests.xctest */;
			productType = "com.apple.product-type.bundle.unit-test";
		};
		D3D440FA2B7E159B005F4C49 /* localization_DemoUITests */ = {
			isa = PBXNativeTarget;
			buildConfigurationList = D3D4410B2B7E159B005F4C49 /* Build configuration list for PBXNativeTarget "localization_DemoUITests" */;
			buildPhases = (
				D3D440F72B7E159B005F4C49 /* Sources */,
				D3D440F82B7E159B005F4C49 /* Frameworks */,
				D3D440F92B7E159B005F4C49 /* Resources */,
			);
			buildRules = (
			);
			dependencies = (
				D3D440FD2B7E159B005F4C49 /* PBXTargetDependency */,
			);
			name = localization_DemoUITests;
			productName = localization_DemoUITests;
			productReference = D3D440FB2B7E159B005F4C49 /* localization_DemoUITests.xctest */;
			productType = "com.apple.product-type.bundle.ui-testing";
		};
/* End PBXNativeTarget section */

/* Begin PBXProject section */
		D3D440D32B7E1599005F4C49 /* Project object */ = {
			isa = PBXProject;
			attributes = {
				BuildIndependentTargetsInParallel = 1;
				LastSwiftUpdateCheck = 1520;
				LastUpgradeCheck = 1520;
				TargetAttributes = {
					D3D440DA2B7E1599005F4C49 = {
						CreatedOnToolsVersion = 15.2;
					};
					D3D440F02B7E159B005F4C49 = {
						CreatedOnToolsVersion = 15.2;
						TestTargetID = D3D440DA2B7E1599005F4C49;
					};
					D3D440FA2B7E159B005F4C49 = {
						CreatedOnToolsVersion = 15.2;
						TestTargetID = D3D440DA2B7E1599005F4C49;
					};
				};
			};
			buildConfigurationList = D3D440D62B7E1599005F4C49 /* Build configuration list for PBXProject "localization_Demo" */;
			compatibilityVersion = "Xcode 14.0";
			developmentRegion = en;
			hasScannedForEncodings = 0;
			knownRegions = (
				en,
				Base,
			);
			mainGroup = D3D440D22B7E1599005F4C49;
			productRefGroup = D3D440DC2B7E1599005F4C49 /* Products */;
			projectDirPath = "";
			projectRoot = "";
			targets = (
				D3D440DA2B7E1599005F4C49 /* localization_Demo */,
				D3D440F02B7E159B005F4C49 /* localization_DemoTests */,
				D3D440FA2B7E159B005F4C49 /* localization_DemoUITests */,
			);
		};
/* End PBXProject section */

/* Begin PBXResourcesBuildPhase section */
		D3D440D92B7E1599005F4C49 /* Resources */ = {
			isa = PBXResourcesBuildPhase;
			buildActionMask = 2147483647;
			files = (
				D3D440EB2B7E159A005F4C49 /* LaunchScreen.storyboard in Resources */,
				D3D440E82B7E159A005F4C49 /* Assets.xcassets in Resources */,
				D3D440E62B7E1599005F4C49 /* Main.storyboard in Resources */,
			);
			runOnlyForDeploymentPostprocessing = 0;
		};
		D3D440EF2B7E159B005F4C49 /* Resources */ = {
			isa = PBXResourcesBuildPhase;
			buildActionMask = 2147483647;
			files = (
			);
			runOnlyForDeploymentPostprocessing = 0;
		};
		D3D440F92B7E159B005F4C49 /* Resources */ = {
			isa = PBXResourcesBuildPhase;
			buildActionMask = 2147483647;
			files = (
			);
			runOnlyForDeploymentPostprocessing = 0;
		};
/* End PBXResourcesBuildPhase section */

/* Begin PBXSourcesBuildPhase section */
		D3D440D72B7E1599005F4C49 /* Sources */ = {
			isa = PBXSourcesBuildPhase;
			buildActionMask = 2147483647;
			files = (
				D3D440E32B7E1599005F4C49 /* ViewController.swift in Sources */,
				D3D440DF2B7E1599005F4C49 /* AppDelegate.swift in Sources */,
				D3D440E12B7E1599005F4C49 /* SceneDelegate.swift in Sources */,
			);
			runOnlyForDeploymentPostprocessing = 0;
		};
		D3D440ED2B7E159B005F4C49 /* Sources */ = {
			isa = PBXSourcesBuildPhase;
			buildActionMask = 2147483647;
			files = (
				D3D440F62B7E159B005F4C49 /* localization_DemoTests.swift in Sources */,
			);
			runOnlyForDeploymentPostprocessing = 0;
		};
		D3D440F72B7E159B005F4C49 /* Sources */ = {
			isa = PBXSourcesBuildPhase;
			buildActionMask = 2147483647;
			files = (
				D3D441022B7E159B005F4C49 /* localization_DemoUITestsLaunchTests.swift in Sources */,
				D3D441002B7E159B005F4C49 /* localization_DemoUITests.swift in Sources */,
			);
			runOnlyForDeploymentPostprocessing = 0;
		};
/* End PBXSourcesBuildPhase section */

/* Begin PBXTargetDependency section */
		D3D440F32B7E159B005F4C49 /* PBXTargetDependency */ = {
			isa = PBXTargetDependency;
			target = D3D440DA2B7E1599005F4C49 /* localization_Demo */;
			targetProxy = D3D440F22B7E159B005F4C49 /* PBXContainerItemProxy */;
		};
		D3D440FD2B7E159B005F4C49 /* PBXTargetDependency */ = {
			isa = PBXTargetDependency;
			target = D3D440DA2B7E1599005F4C49 /* localization_Demo */;
			targetProxy = D3D440FC2B7E159B005F4C49 /* PBXContainerItemProxy */;
		};
/* End PBXTargetDependency section */

/* Begin PBXVariantGroup section */
		D3D440E42B7E1599005F4C49 /* Main.storyboard */ = {
			isa = PBXVariantGroup;
			children = (
				D3D440E52B7E1599005F4C49 /* Base */,
			);
			name = Main.storyboard;
			sourceTree = "<group>";
		};
		D3D440E92B7E159A005F4C49 /* LaunchScreen.storyboard */ = {
			isa = PBXVariantGroup;
			children = (
				D3D440EA2B7E159A005F4C49 /* Base */,
			);
			name = LaunchScreen.storyboard;
			sourceTree = "<group>";
		};
/* End PBXVariantGroup section */

/* Begin XCBuildConfiguration section */
		D3D441032B7E159B005F4C49 /* Debug */ = {
			isa = XCBuildConfiguration;
			buildSettings = {
				ALWAYS_SEARCH_USER_PATHS = NO;
				ASSETCATALOG_COMPILER_GENERATE_SWIFT_ASSET_SYMBOL_EXTENSIONS = YES;
				CLANG_ANALYZER_NONNULL = YES;
				CLANG_ANALYZER_NUMBER_OBJECT_CONVERSION = YES_AGGRESSIVE;
				CLANG_CXX_LANGUAGE_STANDARD = "gnu++20";
				CLANG_ENABLE_MODULES = YES;
				CLANG_ENABLE_OBJC_ARC = YES;
				CLANG_ENABLE_OBJC_WEAK = YES;
				CLANG_WARN_BLOCK_CAPTURE_AUTORELEASING = YES;
				CLANG_WARN_BOOL_CONVERSION = YES;
				CLANG_WARN_COMMA = YES;
				CLANG_WARN_CONSTANT_CONVERSION = YES;
				CLANG_WARN_DEPRECATED_OBJC_IMPLEMENTATIONS = YES;
				CLANG_WARN_DIRECT_OBJC_ISA_USAGE = YES_ERROR;
				CLANG_WARN_DOCUMENTATION_COMMENTS = YES;
				CLANG_WARN_EMPTY_BODY = YES;
				CLANG_WARN_ENUM_CONVERSION = YES;
				CLANG_WARN_INFINITE_RECURSION = YES;
				CLANG_WARN_INT_CONVERSION = YES;
				CLANG_WARN_NON_LITERAL_NULL_CONVERSION = YES;
				CLANG_WARN_OBJC_IMPLICIT_RETAIN_SELF = YES;
				CLANG_WARN_OBJC_LITERAL_CONVERSION = YES;
				CLANG_WARN_OBJC_ROOT_CLASS = YES_ERROR;
				CLANG_WARN_QUOTED_INCLUDE_IN_FRAMEWORK_HEADER = YES;
				CLANG_WARN_RANGE_LOOP_ANALYSIS = YES;
				CLANG_WARN_STRICT_PROTOTYPES = YES;
				CLANG_WARN_SUSPICIOUS_MOVE = YES;
				CLANG_WARN_UNGUARDED_AVAILABILITY = YES_AGGRESSIVE;
				CLANG_WARN_UNREACHABLE_CODE = YES;
				CLANG_WARN__DUPLICATE_METHOD_MATCH = YES;
				COPY_PHASE_STRIP = NO;
				DEBUG_INFORMATION_FORMAT = dwarf;
				ENABLE_STRICT_OBJC_MSGSEND = YES;
				ENABLE_TESTABILITY = YES;
				ENABLE_USER_SCRIPT_SANDBOXING = YES;
				GCC_C_LANGUAGE_STANDARD = gnu17;
				GCC_DYNAMIC_NO_PIC = NO;
				GCC_NO_COMMON_BLOCKS = YES;
				GCC_OPTIMIZATION_LEVEL = 0;
				GCC_PREPROCESSOR_DEFINITIONS = (
					"DEBUG=1",
					"$(inherited)",
				);
				GCC_WARN_64_TO_32_BIT_CONVERSION = YES;
				GCC_WARN_ABOUT_RETURN_TYPE = YES_ERROR;
				GCC_WARN_UNDECLARED_SELECTOR = YES;
				GCC_WARN_UNINITIALIZED_AUTOS = YES_AGGRESSIVE;
				GCC_WARN_UNUSED_FUNCTION = YES;
				GCC_WARN_UNUSED_VARIABLE = YES;
				IPHONEOS_DEPLOYMENT_TARGET = 17.2;
				LOCALIZATION_PREFERS_STRING_CATALOGS = YES;
				MTL_ENABLE_DEBUG_INFO = INCLUDE_SOURCE;
				MTL_FAST_MATH = YES;
				ONLY_ACTIVE_ARCH = YES;
				SDKROOT = iphoneos;
				SWIFT_ACTIVE_COMPILATION_CONDITIONS = "DEBUG $(inherited)";
				SWIFT_OPTIMIZATION_LEVEL = "-Onone";
			};
			name = Debug;
		};
		D3D441042B7E159B005F4C49 /* Release */ = {
			isa = XCBuildConfiguration;
			buildSettings = {
				ALWAYS_SEARCH_USER_PATHS = NO;
				ASSETCATALOG_COMPILER_GENERATE_SWIFT_ASSET_SYMBOL_EXTENSIONS = YES;
				CLANG_ANALYZER_NONNULL = YES;
				CLANG_ANALYZER_NUMBER_OBJECT_CONVERSION = YES_AGGRESSIVE;
				CLANG_CXX_LANGUAGE_STANDARD = "gnu++20";
				CLANG_ENABLE_MODULES = YES;
				CLANG_ENABLE_OBJC_ARC = YES;
				CLANG_ENABLE_OBJC_WEAK = YES;
				CLANG_WARN_BLOCK_CAPTURE_AUTORELEASING = YES;
				CLANG_WARN_BOOL_CONVERSION = YES;
				CLANG_WARN_COMMA = YES;
				CLANG_WARN_CONSTANT_CONVERSION = YES;
				CLANG_WARN_DEPRECATED_OBJC_IMPLEMENTATIONS = YES;
				CLANG_WARN_DIRECT_OBJC_ISA_USAGE = YES_ERROR;
				CLANG_WARN_DOCUMENTATION_COMMENTS = YES;
				CLANG_WARN_EMPTY_BODY = YES;
				CLANG_WARN_ENUM_CONVERSION = YES;
				CLANG_WARN_INFINITE_RECURSION = YES;
				CLANG_WARN_INT_CONVERSION = YES;
				CLANG_WARN_NON_LITERAL_NULL_CONVERSION = YES;
				CLANG_WARN_OBJC_IMPLICIT_RETAIN_SELF = YES;
				CLANG_WARN_OBJC_LITERAL_CONVERSION = YES;
				CLANG_WARN_OBJC_ROOT_CLASS = YES_ERROR;
				CLANG_WARN_QUOTED_INCLUDE_IN_FRAMEWORK_HEADER = YES;
				CLANG_WARN_RANGE_LOOP_ANALYSIS = YES;
				CLANG_WARN_STRICT_PROTOTYPES = YES;
				CLANG_WARN_SUSPICIOUS_MOVE = YES;
				CLANG_WARN_UNGUARDED_AVAILABILITY = YES_AGGRESSIVE;
				CLANG_WARN_UNREACHABLE_CODE = YES;
				CLANG_WARN__DUPLICATE_METHOD_MATCH = YES;
				COPY_PHASE_STRIP = NO;
				DEBUG_INFORMATION_FORMAT = "dwarf-with-dsym";
				ENABLE_NS_ASSERTIONS = NO;
				ENABLE_STRICT_OBJC_MSGSEND = YES;
				ENABLE_USER_SCRIPT_SANDBOXING = YES;
				GCC_C_LANGUAGE_STANDARD = gnu17;
				GCC_NO_COMMON_BLOCKS = YES;
				GCC_WARN_64_TO_32_BIT_CONVERSION = YES;
				GCC_WARN_ABOUT_RETURN_TYPE = YES_ERROR;
				GCC_WARN_UNDECLARED_SELECTOR = YES;
				GCC_WARN_UNINITIALIZED_AUTOS = YES_AGGRESSIVE;
				GCC_WARN_UNUSED_FUNCTION = YES;
				GCC_WARN_UNUSED_VARIABLE = YES;
				IPHONEOS_DEPLOYMENT_TARGET = 17.2;
				LOCALIZATION_PREFERS_STRING_CATALOGS = YES;
				MTL_ENABLE_DEBUG_INFO = NO;
				MTL_FAST_MATH = YES;
				SDKROOT = iphoneos;
				SWIFT_COMPILATION_MODE = wholemodule;
				VALIDATE_PRODUCT = YES;
			};
			name = Release;
		};
		D3D441062B7E159B005F4C49 /* Debug */ = {
			isa = XCBuildConfiguration;
			buildSettings = {
				ASSETCATALOG_COMPILER_APPICON_NAME = AppIcon;
				ASSETCATALOG_COMPILER_GLOBAL_ACCENT_COLOR_NAME = AccentColor;
				CODE_SIGN_STYLE = Automatic;
				CURRENT_PROJECT_VERSION = 1;
				DEVELOPMENT_TEAM = Y9WFT4L662;
				GENERATE_INFOPLIST_FILE = YES;
				INFOPLIST_FILE = localization_Demo/Info.plist;
				INFOPLIST_KEY_UIApplicationSupportsIndirectInputEvents = YES;
				INFOPLIST_KEY_UILaunchStoryboardName = LaunchScreen;
				INFOPLIST_KEY_UIMainStoryboardFile = Main;
				INFOPLIST_KEY_UISupportedInterfaceOrientations_iPad = "UIInterfaceOrientationPortrait UIInterfaceOrientationPortraitUpsideDown UIInterfaceOrientationLandscapeLeft UIInterfaceOrientationLandscapeRight";
				INFOPLIST_KEY_UISupportedInterfaceOrientations_iPhone = "UIInterfaceOrientationPortrait UIInterfaceOrientationLandscapeLeft UIInterfaceOrientationLandscapeRight";
				LD_RUNPATH_SEARCH_PATHS = (
					"$(inherited)",
					"@executable_path/Frameworks",
				);
				MARKETING_VERSION = 1.0;
				PRODUCT_BUNDLE_IDENTIFIER = "Mohamed-Abd-Elhakam.localization-Demo";
				PRODUCT_NAME = "$(TARGET_NAME)";
				SWIFT_EMIT_LOC_STRINGS = YES;
				SWIFT_VERSION = 5.0;
				TARGETED_DEVICE_FAMILY = "1,2";
			};
			name = Debug;
		};
		D3D441072B7E159B005F4C49 /* Release */ = {
			isa = XCBuildConfiguration;
			buildSettings = {
				ASSETCATALOG_COMPILER_APPICON_NAME = AppIcon;
				ASSETCATALOG_COMPILER_GLOBAL_ACCENT_COLOR_NAME = AccentColor;
				CODE_SIGN_STYLE = Automatic;
				CURRENT_PROJECT_VERSION = 1;
				DEVELOPMENT_TEAM = Y9WFT4L662;
				GENERATE_INFOPLIST_FILE = YES;
				INFOPLIST_FILE = localization_Demo/Info.plist;
				INFOPLIST_KEY_UIApplicationSupportsIndirectInputEvents = YES;
				INFOPLIST_KEY_UILaunchStoryboardName = LaunchScreen;
				INFOPLIST_KEY_UIMainStoryboardFile = Main;
				INFOPLIST_KEY_UISupportedInterfaceOrientations_iPad = "UIInterfaceOrientationPortrait UIInterfaceOrientationPortraitUpsideDown UIInterfaceOrientationLandscapeLeft UIInterfaceOrientationLandscapeRight";
				INFOPLIST_KEY_UISupportedInterfaceOrientations_iPhone = "UIInterfaceOrientationPortrait UIInterfaceOrientationLandscapeLeft UIInterfaceOrientationLandscapeRight";
				LD_RUNPATH_SEARCH_PATHS = (
					"$(inherited)",
					"@executable_path/Frameworks",
				);
				MARKETING_VERSION = 1.0;
				PRODUCT_BUNDLE_IDENTIFIER = "Mohamed-Abd-Elhakam.localization-Demo";
				PRODUCT_NAME = "$(TARGET_NAME)";
				SWIFT_EMIT_LOC_STRINGS = YES;
				SWIFT_VERSION = 5.0;
				TARGETED_DEVICE_FAMILY = "1,2";
			};
			name = Release;
		};
		D3D441092B7E159B005F4C49 /* Debug */ = {
			isa = XCBuildConfiguration;
			buildSettings = {
				ALWAYS_EMBED_SWIFT_STANDARD_LIBRARIES = YES;
				BUNDLE_LOADER = "$(TEST_HOST)";
				CODE_SIGN_STYLE = Automatic;
				CURRENT_PROJECT_VERSION = 1;
				DEVELOPMENT_TEAM = Y9WFT4L662;
				GENERATE_INFOPLIST_FILE = YES;
				IPHONEOS_DEPLOYMENT_TARGET = 17.2;
				MARKETING_VERSION = 1.0;
				PRODUCT_BUNDLE_IDENTIFIER = "Mohamed-Abd-Elhakam.localization-DemoTests";
				PRODUCT_NAME = "$(TARGET_NAME)";
				SWIFT_EMIT_LOC_STRINGS = NO;
				SWIFT_VERSION = 5.0;
				TARGETED_DEVICE_FAMILY = "1,2";
				TEST_HOST = "$(BUILT_PRODUCTS_DIR)/localization_Demo.app/$(BUNDLE_EXECUTABLE_FOLDER_PATH)/localization_Demo";
			};
			name = Debug;
		};
		D3D4410A2B7E159B005F4C49 /* Release */ = {
			isa = XCBuildConfiguration;
			buildSettings = {
				ALWAYS_EMBED_SWIFT_STANDARD_LIBRARIES = YES;
				BUNDLE_LOADER = "$(TEST_HOST)";
				CODE_SIGN_STYLE = Automatic;
				CURRENT_PROJECT_VERSION = 1;
				DEVELOPMENT_TEAM = Y9WFT4L662;
				GENERATE_INFOPLIST_FILE = YES;
				IPHONEOS_DEPLOYMENT_TARGET = 17.2;
				MARKETING_VERSION = 1.0;
				PRODUCT_BUNDLE_IDENTIFIER = "Mohamed-Abd-Elhakam.localization-DemoTests";
				PRODUCT_NAME = "$(TARGET_NAME)";
				SWIFT_EMIT_LOC_STRINGS = NO;
				SWIFT_VERSION = 5.0;
				TARGETED_DEVICE_FAMILY = "1,2";
				TEST_HOST = "$(BUILT_PRODUCTS_DIR)/localization_Demo.app/$(BUNDLE_EXECUTABLE_FOLDER_PATH)/localization_Demo";
			};
			name = Release;
		};
		D3D4410C2B7E159B005F4C49 /* Debug */ = {
			isa = XCBuildConfiguration;
			buildSettings = {
				ALWAYS_EMBED_SWIFT_STANDARD_LIBRARIES = YES;
				CODE_SIGN_STYLE = Automatic;
				CURRENT_PROJECT_VERSION = 1;
				DEVELOPMENT_TEAM = Y9WFT4L662;
				GENERATE_INFOPLIST_FILE = YES;
				MARKETING_VERSION = 1.0;
				PRODUCT_BUNDLE_IDENTIFIER = "Mohamed-Abd-Elhakam.localization-DemoUITests";
				PRODUCT_NAME = "$(TARGET_NAME)";
				SWIFT_EMIT_LOC_STRINGS = NO;
				SWIFT_VERSION = 5.0;
				TARGETED_DEVICE_FAMILY = "1,2";
				TEST_TARGET_NAME = localization_Demo;
			};
			name = Debug;
		};
		D3D4410D2B7E159B005F4C49 /* Release */ = {
			isa = XCBuildConfiguration;
			buildSettings = {
				ALWAYS_EMBED_SWIFT_STANDARD_LIBRARIES = YES;
				CODE_SIGN_STYLE = Automatic;
				CURRENT_PROJECT_VERSION = 1;
				DEVELOPMENT_TEAM = Y9WFT4L662;
				GENERATE_INFOPLIST_FILE = YES;
				MARKETING_VERSION = 1.0;
				PRODUCT_BUNDLE_IDENTIFIER = "Mohamed-Abd-Elhakam.localization-DemoUITests";
				PRODUCT_NAME = "$(TARGET_NAME)";
				SWIFT_EMIT_LOC_STRINGS = NO;
				SWIFT_VERSION = 5.0;
				TARGETED_DEVICE_FAMILY = "1,2";
				TEST_TARGET_NAME = localization_Demo;
			};
			name = Release;
		};
/* End XCBuildConfiguration section */

/* Begin XCConfigurationList section */
		D3D440D62B7E1599005F4C49 /* Build configuration list for PBXProject "localization_Demo" */ = {
			isa = XCConfigurationList;
			buildConfigurations = (
				D3D441032B7E159B005F4C49 /* Debug */,
				D3D441042B7E159B005F4C49 /* Release */,
			);
			defaultConfigurationIsVisible = 0;
			defaultConfigurationName = Release;
		};
		D3D441052B7E159B005F4C49 /* Build configuration list for PBXNativeTarget "localization_Demo" */ = {
			isa = XCConfigurationList;
			buildConfigurations = (
				D3D441062B7E159B005F4C49 /* Debug */,
				D3D441072B7E159B005F4C49 /* Release */,
			);
			defaultConfigurationIsVisible = 0;
			defaultConfigurationName = Release;
		};
		D3D441082B7E159B005F4C49 /* Build configuration list for PBXNativeTarget "localization_DemoTests" */ = {
			isa = XCConfigurationList;
			buildConfigurations = (
				D3D441092B7E159B005F4C49 /* Debug */,
				D3D4410A2B7E159B005F4C49 /* Release */,
			);
			defaultConfigurationIsVisible = 0;
			defaultConfigurationName = Release;
		};
		D3D4410B2B7E159B005F4C49 /* Build configuration list for PBXNativeTarget "localization_DemoUITests" */ = {
			isa = XCConfigurationList;
			buildConfigurations = (
				D3D4410C2B7E159B005F4C49 /* Debug */,
				D3D4410D2B7E159B005F4C49 /* Release */,
			);
			defaultConfigurationIsVisible = 0;
			defaultConfigurationName = Release;
		};
/* End XCConfigurationList section */
	};
	rootObject = D3D440D32B7E1599005F4C49 /* Project object */;
}
